uuid: b949521a-07c5-41a4-b103-080e5fe7d942
langcode: et
status: true
dependencies:
  config:
    - field.storage.paragraph.field_legislation_block
    - paragraphs.paragraphs_type.information_system_sidebar
  module:
    - link
id: paragraph.information_system_sidebar.field_legislation_block
field_name: field_legislation_block
entity_type: paragraph
bundle: information_system_sidebar
label: Õigusaktid
description: ''
required: false
translatable: false
default_value: {  }
default_value_callback: ''
settings:
  link_type: 17
  title: 2
field_type: link
