uuid: 791e0d81-2ff8-49c5-9bcc-119c774456db
langcode: et
status: true
dependencies:
  module:
    - link
    - paragraphs
id: paragraph.field_legislation_block
field_name: field_legislation_block
entity_type: paragraph
type: link
settings: {  }
module: link
locked: false
cardinality: -1
translatable: true
indexes: {  }
persist_with_no_fields: false
custom_storage: false
